
Microsoft Visual Studio Solution File, Format Version 12.00
# Visual Studio Version 17
VisualStudioVersion = 17.12.35527.113
MinimumVisualStudioVersion = 10.0.40219.1
Project("{FAE04EC0-301F-11D3-BF4B-00C04F79EFBC}") = "sea-battle", "sea-battle\sea-battle.csproj", "{464C9EBF-4CD7-402C-B1C8-331A7D89DF11}"
EndProject
Project("{FAE04EC0-301F-11D3-BF4B-00C04F79EFBC}") = "Numbers", "Numbers\Numbers.csproj", "{781F506B-D73C-47BC-98DA-FE6189063149}"
EndProject
Project("{FAE04EC0-301F-11D3-BF4B-00C04F79EFBC}") = "Enums", "Enums\Enums.csproj", "{6CB2ADD6-C022-40CF-B7F1-27F7ED9A2F06}"
EndProject
Project("{2150E333-8FDC-42A3-9474-1A3956D46DE8}") = "vld", "vld", "{F5C19DC1-9B35-42A9-82C9-03DE9ACAB6A9}"
	ProjectSection(SolutionItems) = preProject
		Codec#\Codec#.csproj = Codec#\Codec#.csproj
		DZ11\DZ11.csproj = DZ11\DZ11.csproj
	EndProjectSection
Project("{FAE04EC0-301F-11D3-BF4B-00C04F79EFBC}") = "Models", "Models\Models.csproj", "{E7B277AF-1EEE-4CF4-9F85-A55788AA7E52}"
EndProject
Project("{2150E333-8FDC-42A3-9474-1A3956D46DE8}") = "cpp", "cpp", "{02EA681E-C7D8-13C7-8484-4AC65E1B71E8}"
EndProject
Project("{8BC9CEB8-8B4A-11D0-8D11-00A0C91BC942}") = "external", "external\external.vcxproj", "{E94ED620-008D-452F-A14B-6133EE2C6C9A}"
EndProject
Project("{FAE04EC0-301F-11D3-BF4B-00C04F79EFBC}") = "dz_229", "dz_229\dz_229.csproj", "{F71CA512-3D0B-43C4-BF02-87C8C70D1122}"
EndProject
Project("{2150E333-8FDC-42A3-9474-1A3956D46DE8}") = "misha", "misha", "{21F4D5BE-34D9-4B9B-ABB9-FBFA279C3632}"
EndProject
Global
	GlobalSection(SolutionConfigurationPlatforms) = preSolution
		Debug|Any CPU = Debug|Any CPU
		Release|Any CPU = Release|Any CPU
	EndGlobalSection
	GlobalSection(ProjectConfigurationPlatforms) = postSolution
		{464C9EBF-4CD7-402C-B1C8-331A7D89DF11}.Debug|Any CPU.ActiveCfg = Debug|Any CPU
		{464C9EBF-4CD7-402C-B1C8-331A7D89DF11}.Debug|Any CPU.Build.0 = Debug|Any CPU
		{464C9EBF-4CD7-402C-B1C8-331A7D89DF11}.Release|Any CPU.ActiveCfg = Release|Any CPU
		{464C9EBF-4CD7-402C-B1C8-331A7D89DF11}.Release|Any CPU.Build.0 = Release|Any CPU
		{781F506B-D73C-47BC-98DA-FE6189063149}.Debug|Any CPU.ActiveCfg = Debug|Any CPU
		{781F506B-D73C-47BC-98DA-FE6189063149}.Debug|Any CPU.Build.0 = Debug|Any CPU
		{781F506B-D73C-47BC-98DA-FE6189063149}.Release|Any CPU.ActiveCfg = Release|Any CPU
		{781F506B-D73C-47BC-98DA-FE6189063149}.Release|Any CPU.Build.0 = Release|Any CPU
		{6CB2ADD6-C022-40CF-B7F1-27F7ED9A2F06}.Debug|Any CPU.ActiveCfg = Debug|Any CPU
		{6CB2ADD6-C022-40CF-B7F1-27F7ED9A2F06}.Debug|Any CPU.Build.0 = Debug|Any CPU
		{6CB2ADD6-C022-40CF-B7F1-27F7ED9A2F06}.Release|Any CPU.ActiveCfg = Release|Any CPU
		{6CB2ADD6-C022-40CF-B7F1-27F7ED9A2F06}.Release|Any CPU.Build.0 = Release|Any CPU
		{6CB2ADD6-C022-40CF-B7F1-27F7ED9A2F06}.Release|x64.ActiveCfg = Release|Any CPU
		{6CB2ADD6-C022-40CF-B7F1-27F7ED9A2F06}.Release|x64.Build.0 = Release|Any CPU
		{6CB2ADD6-C022-40CF-B7F1-27F7ED9A2F06}.Release|x86.ActiveCfg = Release|Any CPU
		{6CB2ADD6-C022-40CF-B7F1-27F7ED9A2F06}.Release|x86.Build.0 = Release|Any CPU
		{E7B277AF-1EEE-4CF4-9F85-A55788AA7E52}.Debug|Any CPU.ActiveCfg = Debug|Any CPU
		{E7B277AF-1EEE-4CF4-9F85-A55788AA7E52}.Debug|Any CPU.Build.0 = Debug|Any CPU
		{E7B277AF-1EEE-4CF4-9F85-A55788AA7E52}.Debug|x64.ActiveCfg = Debug|Any CPU
		{E7B277AF-1EEE-4CF4-9F85-A55788AA7E52}.Debug|x64.Build.0 = Debug|Any CPU
		{E7B277AF-1EEE-4CF4-9F85-A55788AA7E52}.Debug|x86.ActiveCfg = Debug|Any CPU
		{E7B277AF-1EEE-4CF4-9F85-A55788AA7E52}.Debug|x86.Build.0 = Debug|Any CPU
		{E7B277AF-1EEE-4CF4-9F85-A55788AA7E52}.Release|Any CPU.ActiveCfg = Release|Any CPU
		{E7B277AF-1EEE-4CF4-9F85-A55788AA7E52}.Release|Any CPU.Build.0 = Release|Any CPU
		{E7B277AF-1EEE-4CF4-9F85-A55788AA7E52}.Release|x64.ActiveCfg = Release|Any CPU
		{E7B277AF-1EEE-4CF4-9F85-A55788AA7E52}.Release|x64.Build.0 = Release|Any CPU
		{E7B277AF-1EEE-4CF4-9F85-A55788AA7E52}.Release|x86.ActiveCfg = Release|Any CPU
		{E7B277AF-1EEE-4CF4-9F85-A55788AA7E52}.Release|x86.Build.0 = Release|Any CPU
		{E94ED620-008D-452F-A14B-6133EE2C6C9A}.Debug|Any CPU.ActiveCfg = Debug|x64
		{E94ED620-008D-452F-A14B-6133EE2C6C9A}.Debug|Any CPU.Build.0 = Debug|x64
		{E94ED620-008D-452F-A14B-6133EE2C6C9A}.Debug|x64.ActiveCfg = Debug|x64
		{E94ED620-008D-452F-A14B-6133EE2C6C9A}.Debug|x64.Build.0 = Debug|x64
		{E94ED620-008D-452F-A14B-6133EE2C6C9A}.Debug|x86.ActiveCfg = Debug|Win32
		{E94ED620-008D-452F-A14B-6133EE2C6C9A}.Debug|x86.Build.0 = Debug|Win32
		{E94ED620-008D-452F-A14B-6133EE2C6C9A}.Release|Any CPU.ActiveCfg = Release|x64
		{E94ED620-008D-452F-A14B-6133EE2C6C9A}.Release|Any CPU.Build.0 = Release|x64
		{E94ED620-008D-452F-A14B-6133EE2C6C9A}.Release|x64.ActiveCfg = Release|x64
		{E94ED620-008D-452F-A14B-6133EE2C6C9A}.Release|x64.Build.0 = Release|x64
		{E94ED620-008D-452F-A14B-6133EE2C6C9A}.Release|x86.ActiveCfg = Release|Win32
		{E94ED620-008D-452F-A14B-6133EE2C6C9A}.Release|x86.Build.0 = Release|Win32
		{F71CA512-3D0B-43C4-BF02-87C8C70D1122}.Debug|Any CPU.ActiveCfg = Debug|Any CPU
		{F71CA512-3D0B-43C4-BF02-87C8C70D1122}.Debug|Any CPU.Build.0 = Debug|Any CPU
		{F71CA512-3D0B-43C4-BF02-87C8C70D1122}.Debug|x64.ActiveCfg = Debug|Any CPU
		{F71CA512-3D0B-43C4-BF02-87C8C70D1122}.Debug|x64.Build.0 = Debug|Any CPU
		{F71CA512-3D0B-43C4-BF02-87C8C70D1122}.Debug|x86.ActiveCfg = Debug|Any CPU
		{F71CA512-3D0B-43C4-BF02-87C8C70D1122}.Debug|x86.Build.0 = Debug|Any CPU
		{F71CA512-3D0B-43C4-BF02-87C8C70D1122}.Release|Any CPU.ActiveCfg = Release|Any CPU
		{F71CA512-3D0B-43C4-BF02-87C8C70D1122}.Release|Any CPU.Build.0 = Release|Any CPU
		{F71CA512-3D0B-43C4-BF02-87C8C70D1122}.Release|x64.ActiveCfg = Release|Any CPU
		{F71CA512-3D0B-43C4-BF02-87C8C70D1122}.Release|x64.Build.0 = Release|Any CPU
		{F71CA512-3D0B-43C4-BF02-87C8C70D1122}.Release|x86.ActiveCfg = Release|Any CPU
		{F71CA512-3D0B-43C4-BF02-87C8C70D1122}.Release|x86.Build.0 = Release|Any CPU
	EndGlobalSection
	GlobalSection(SolutionProperties) = preSolution
		HideSolutionNode = FALSE
	EndGlobalSection
	GlobalSection(NestedProjects) = preSolution
		{E94ED620-008D-452F-A14B-6133EE2C6C9A} = {02EA681E-C7D8-13C7-8484-4AC65E1B71E8}
		{F71CA512-3D0B-43C4-BF02-87C8C70D1122} = {21F4D5BE-34D9-4B9B-ABB9-FBFA279C3632}
	EndGlobalSection
	GlobalSection(ExtensibilityGlobals) = postSolution
		SolutionGuid = {731CB3B0-5A9A-4BBE-88B2-7DFD8D2627E0}
	EndGlobalSection
EndGlobal
